<?xml version="1.0" encoding="utf-8"?>
<Project ToolsVersion="4.0" xmlns="http://schemas.microsoft.com/developer/msbuild/2003">
  <ItemGroup>
    <Filter Include="Source Files">
      <UniqueIdentifier>{4FC737F1-C7A5-4376-A066-2A32D752A2FF}</UniqueIdentifier>
      <Extensions>cpp;c;cc;cxx;def;odl;idl;hpj;bat;asm;asmx</Extensions>
    </Filter>
    <Filter Include="Header Files">
      <UniqueIdentifier>{93995380-89BD-4b04-88EB-625FBE52EBFB}</UniqueIdentifier>
      <Extensions>h;hh;hpp;hxx;hm;inl;inc;xsd</Extensions>
    </Filter>
    <Filter Include="Resource Files">
      <UniqueIdentifier>{67DA6AB6-F800-4c08-8B7A-83BB121AAD01}</UniqueIdentifier>
      <Extensions>rc;ico;cur;bmp;dlg;rc2;rct;bin;rgs;gif;jpg;jpeg;jpe;resx;tiff;tif;png;wav</Extensions>
    </Filter>
  </ItemGroup>
  <ItemGroup>
    <ClCompile Include="src\core\perspective_camera.cpp">
      <Filter>Source Files</Filter>
    </ClCompile>
    <ClCompile Include="src\core\sensor.cpp">
      <Filter>Source Files</Filter>
    </ClCompile>
    <ClCompile Include="src\geometry\triangle.cpp">
      <Filter>Source Files</Filter>
    </ClCompile>
    <ClCompile Include="src\math\bounds3.cpp">
      <Filter>Source Files</Filter>
    </ClCompile>
    <ClCompile Include="src\math\mat3x4.cpp">
      <Filter>Source Files</Filter>
    </ClCompile>
    <ClCompile Include="src\math\quaternion.cpp">
      <Filter>Source Files</Filter>
    </ClCompile>
    <ClCompile Include="src\math\transform.cpp">
      <Filter>Source Files</Filter>
    </ClCompile>
    <ClCompile Include="src\math\vec2.cpp">
      <Filter>Source Files</Filter>
    </ClCompile>
    <ClCompile Include="src\math\vec3.cpp">
      <Filter>Source Files</Filter>
    </ClCompile>
    <ClCompile Include="src\geometry\scene.cpp">
      <Filter>Source Files</Filter>
    </ClCompile>
    <ClCompile Include="src\traversal\embree_accel.cpp">
      <Filter>Source Files</Filter>
    </ClCompile>
    <ClCompile Include="src\utility\blocked_linear_allocator.cpp">
      <Filter>Source Files</Filter>
    </ClCompile>
    <ClCompile Include="src\core\progressive_renderer.cpp">
      <Filter>Source Files</Filter>
    </ClCompile>
    <ClCompile Include="src\shading\core\bxdf.cpp">
      <Filter>Source Files</Filter>
    </ClCompile>
    <ClCompile Include="src\shading\core\specular_bxdf.cpp">
      <Filter>Source Files</Filter>
    </ClCompile>
    <ClCompile Include="src\shading\core\surface_interaction.cpp">
      <Filter>Source Files</Filter>
    </ClCompile>
  </ItemGroup>
  <ItemGroup>
    <ClInclude Include="include\pandora\core\perspective_camera.h">
      <Filter>Header Files</Filter>
    </ClInclude>
    <ClInclude Include="include\pandora\core\sensor.h">
      <Filter>Header Files</Filter>
    </ClInclude>
    <ClInclude Include="include\pandora\geometry\shape.h">
      <Filter>Header Files</Filter>
    </ClInclude>
    <ClInclude Include="include\pandora\geometry\sphere.h">
      <Filter>Header Files</Filter>
    </ClInclude>
    <ClInclude Include="include\pandora\geometry\triangle.h">
      <Filter>Header Files</Filter>
    </ClInclude>
    <ClInclude Include="include\pandora\math\bounds3.h">
      <Filter>Header Files</Filter>
    </ClInclude>
    <ClInclude Include="include\pandora\math\constants.h">
      <Filter>Header Files</Filter>
    </ClInclude>
    <ClInclude Include="include\pandora\math\mat3x4.h">
      <Filter>Header Files</Filter>
    </ClInclude>
    <ClInclude Include="include\pandora\math\math_functions.h">
      <Filter>Header Files</Filter>
    </ClInclude>
    <ClInclude Include="include\pandora\math\quaternion.h">
      <Filter>Header Files</Filter>
    </ClInclude>
    <ClInclude Include="include\pandora\math\transform.h">
      <Filter>Header Files</Filter>
    </ClInclude>
    <ClInclude Include="include\pandora\math\vec2.h">
      <Filter>Header Files</Filter>
    </ClInclude>
    <ClInclude Include="include\pandora\math\vec3.h">
      <Filter>Header Files</Filter>
    </ClInclude>
    <ClInclude Include="include\pandora\traversal\ray.h">
      <Filter>Header Files</Filter>
    </ClInclude>
    <ClInclude Include="include\pandora\utility\fixed_stack.h">
      <Filter>Header Files</Filter>
    </ClInclude>
    <ClInclude Include="include\pandora\geometry\scene.h">
      <Filter>Header Files</Filter>
    </ClInclude>
    <ClInclude Include="include\pandora\traversal\acceleration_structure.h">
      <Filter>Header Files</Filter>
    </ClInclude>
    <ClInclude Include="include\pandora\traversal\embree_accel.h">
      <Filter>Header Files</Filter>
    </ClInclude>
    <ClInclude Include="include\pandora\utility\blocked_linear_allocator.h">
      <Filter>Header Files</Filter>
    </ClInclude>
    <ClInclude Include="include\pandora\core\progressive_renderer.h">
      <Filter>Header Files</Filter>
    </ClInclude>
    <ClInclude Include="include\pandora\shading\core\spectrum.h">
      <Filter>Header Files</Filter>
    </ClInclude>
    <ClInclude Include="include\pandora\shading\core\rgb_spectrum.h">
      <Filter>Header Files</Filter>
    </ClInclude>
    <ClInclude Include="include\pandora\shading\materials\material.h">
      <Filter>Header Files</Filter>
    </ClInclude>
    <ClInclude Include="include\pandora\shading\core\bxdf.h">
      <Filter>Header Files</Filter>
    </ClInclude>
    <ClInclude Include="include\pandora\core\globals.h">
      <Filter>Header Files</Filter>
    </ClInclude>
    <ClInclude Include="include\pandora\shading\materials\specular_bxdf.h">
      <Filter>Header Files</Filter>
    </ClInclude>
    <ClInclude Include="include\pandora\shading\materials\scaled_bxdf.h">
      <Filter>Header Files</Filter>
    </ClInclude>
    <ClInclude Include="include\pandora\shading\core\bsdf.h">
      <Filter>Header Files</Filter>
    </ClInclude>
    <ClInclude Include="include\pandora\shading\core\surface_interaction.h">
      <Filter>Header Files</Filter>
    </ClInclude>
    <ClInclude Include="include\pandora\core\template_magic.h">
      <Filter>Header Files</Filter>
    </ClInclude>
  </ItemGroup>
</Project>